Microsoft Visual Studio Solution File, Format Version 8.00
Project("{8BC9CEB8-8B4A-11D0-8D11-00A0C91BC942}") = "ArabicaLib", "SAX\SAX.vcproj", "{884490E3-E4B3-43BE-A88B-7FA9EA4E16AB}"
	ProjectSection(ProjectDependencies) = postProject
	EndProjectSection
EndProject
Project("{8BC9CEB8-8B4A-11D0-8D11-00A0C91BC942}") = "example_SAXSimpleHandler", "examples\SAX\SimpleHandler.vcproj", "{16475ED0-2906-429B-9E73-F2BF2929F6E9}"
	ProjectSection(ProjectDependencies) = postProject
		{884490E3-E4B3-43BE-A88B-7FA9EA4E16AB} = {884490E3-E4B3-43BE-A88B-7FA9EA4E16AB}
	EndProjectSection
EndProject
Project("{8BC9CEB8-8B4A-11D0-8D11-00A0C91BC942}") = "example_SAXWriter", "EXAMPLES\SAX\Writer.vcproj", "{3C6CBC24-07D4-4DE8-A1DF-592C3BC77C56}"
	ProjectSection(ProjectDependencies) = postProject
		{884490E3-E4B3-43BE-A88B-7FA9EA4E16AB} = {884490E3-E4B3-43BE-A88B-7FA9EA4E16AB}
	EndProjectSection
EndProject
Project("{8BC9CEB8-8B4A-11D0-8D11-00A0C91BC942}") = "example_SAXPyx", "examples\SAX\pyx.vcproj", "{AE33D6D1-0F57-4E97-90AE-696854C5AE71}"
	ProjectSection(ProjectDependencies) = postProject
		{884490E3-E4B3-43BE-A88B-7FA9EA4E16AB} = {884490E3-E4B3-43BE-A88B-7FA9EA4E16AB}
	EndProjectSection
EndProject
Project("{8BC9CEB8-8B4A-11D0-8D11-00A0C91BC942}") = "example_DOMWriter", "examples\SAX2DOM\DOMWriter.vcproj", "{C1CF7801-1681-4F15-8D71-BBC814805AF2}"
	ProjectSection(ProjectDependencies) = postProject
		{884490E3-E4B3-43BE-A88B-7FA9EA4E16AB} = {884490E3-E4B3-43BE-A88B-7FA9EA4E16AB}
	EndProjectSection
EndProject
Project("{8BC9CEB8-8B4A-11D0-8D11-00A0C91BC942}") = "example_UtilsTranscode", "examples\Utils\transcode.vcproj", "{436B423B-BF20-4B2E-A187-604AF391FBE2}"
	ProjectSection(ProjectDependencies) = postProject
		{884490E3-E4B3-43BE-A88B-7FA9EA4E16AB} = {884490E3-E4B3-43BE-A88B-7FA9EA4E16AB}
	EndProjectSection
EndProject
Project("{8BC9CEB8-8B4A-11D0-8D11-00A0C91BC942}") = "example_XMLBase", "examples\SAX\example_XMLBase.vcproj", "{1E3CEC10-26EB-40C0-AC9A-72020BD5A40A}"
	ProjectSection(ProjectDependencies) = postProject
	EndProjectSection
EndProject
Project("{8BC9CEB8-8B4A-11D0-8D11-00A0C91BC942}") = "test_xpath", "test\XPath\xpathic.vcproj", "{B3C75B3A-BB0A-4B23-87F9-FB9CD98FF8CE}"
	ProjectSection(ProjectDependencies) = postProject
	EndProjectSection
EndProject
Project("{8BC9CEB8-8B4A-11D0-8D11-00A0C91BC942}") = "test_SAX2DOM", "test\SAX2DOM\SAX2DOM_test.vcproj", "{74A66132-475A-4DA1-8EF7-9CB0EF71E3D8}"
	ProjectSection(ProjectDependencies) = postProject
	EndProjectSection
EndProject
Project("{8BC9CEB8-8B4A-11D0-8D11-00A0C91BC942}") = "example_xgrep", "examples\XPath\xgrep.vcproj", "{5F7B038E-5148-4EF4-AB43-5035F666D00D}"
	ProjectSection(ProjectDependencies) = postProject
	EndProjectSection
EndProject
Project("{8BC9CEB8-8B4A-11D0-8D11-00A0C91BC942}") = "test_xpath_silly", "test\XPath_silly\xpathic_silly.vcproj", "{B3C75B3A-BB0A-4B23-87F9-FB9CD98FF8CE}"
	ProjectSection(ProjectDependencies) = postProject
	EndProjectSection
EndProject
Project("{8BC9CEB8-8B4A-11D0-8D11-00A0C91BC942}") = "test_xpath_wide", "test\XPath_wide\xpathic_wide.vcproj", "{B3C75B3A-BB0A-4B23-87F9-FB9CD98FF8CE}"
	ProjectSection(ProjectDependencies) = postProject
		{884490E3-E4B3-43BE-A88B-7FA9EA4E16AB} = {884490E3-E4B3-43BE-A88B-7FA9EA4E16AB}
	EndProjectSection
EndProject
Global
	GlobalSection(SolutionConfiguration) = preSolution
		Debug = Debug
		Release = Release
	EndGlobalSection
	GlobalSection(ProjectConfiguration) = postSolution
		{884490E3-E4B3-43BE-A88B-7FA9EA4E16AB}.Debug.ActiveCfg = Debug|Win32
		{884490E3-E4B3-43BE-A88B-7FA9EA4E16AB}.Debug.Build.0 = Debug|Win32
		{884490E3-E4B3-43BE-A88B-7FA9EA4E16AB}.Release.ActiveCfg = Release|Win32
		{884490E3-E4B3-43BE-A88B-7FA9EA4E16AB}.Release.Build.0 = Release|Win32
		{16475ED0-2906-429B-9E73-F2BF2929F6E9}.Debug.ActiveCfg = Debug|Win32
		{16475ED0-2906-429B-9E73-F2BF2929F6E9}.Debug.Build.0 = Debug|Win32
		{16475ED0-2906-429B-9E73-F2BF2929F6E9}.Release.ActiveCfg = Release|Win32
		{16475ED0-2906-429B-9E73-F2BF2929F6E9}.Release.Build.0 = Release|Win32
		{3C6CBC24-07D4-4DE8-A1DF-592C3BC77C56}.Debug.ActiveCfg = Debug|Win32
		{3C6CBC24-07D4-4DE8-A1DF-592C3BC77C56}.Debug.Build.0 = Debug|Win32
		{3C6CBC24-07D4-4DE8-A1DF-592C3BC77C56}.Release.ActiveCfg = Debug|Win32
		{3C6CBC24-07D4-4DE8-A1DF-592C3BC77C56}.Release.Build.0 = Debug|Win32
		{AE33D6D1-0F57-4E97-90AE-696854C5AE71}.Debug.ActiveCfg = Debug|Win32
		{AE33D6D1-0F57-4E97-90AE-696854C5AE71}.Debug.Build.0 = Debug|Win32
		{AE33D6D1-0F57-4E97-90AE-696854C5AE71}.Release.ActiveCfg = Release|Win32
		{AE33D6D1-0F57-4E97-90AE-696854C5AE71}.Release.Build.0 = Release|Win32
		{C1CF7801-1681-4F15-8D71-BBC814805AF2}.Debug.ActiveCfg = Debug|Win32
		{C1CF7801-1681-4F15-8D71-BBC814805AF2}.Debug.Build.0 = Debug|Win32
		{C1CF7801-1681-4F15-8D71-BBC814805AF2}.Release.ActiveCfg = Release|Win32
		{C1CF7801-1681-4F15-8D71-BBC814805AF2}.Release.Build.0 = Release|Win32
		{436B423B-BF20-4B2E-A187-604AF391FBE2}.Debug.ActiveCfg = Debug|Win32
		{436B423B-BF20-4B2E-A187-604AF391FBE2}.Debug.Build.0 = Debug|Win32
		{436B423B-BF20-4B2E-A187-604AF391FBE2}.Release.ActiveCfg = Release|Win32
		{436B423B-BF20-4B2E-A187-604AF391FBE2}.Release.Build.0 = Release|Win32
		{1E3CEC10-26EB-40C0-AC9A-72020BD5A40A}.Debug.ActiveCfg = Debug|Win32
		{1E3CEC10-26EB-40C0-AC9A-72020BD5A40A}.Debug.Build.0 = Debug|Win32
		{1E3CEC10-26EB-40C0-AC9A-72020BD5A40A}.Release.ActiveCfg = Release|Win32
		{1E3CEC10-26EB-40C0-AC9A-72020BD5A40A}.Release.Build.0 = Release|Win32
		{B3C75B3A-BB0A-4B23-87F9-FB9CD98FF8CE}.Debug.ActiveCfg = Debug|Win32
		{B3C75B3A-BB0A-4B23-87F9-FB9CD98FF8CE}.Debug.Build.0 = Debug|Win32
		{B3C75B3A-BB0A-4B23-87F9-FB9CD98FF8CE}.Release.ActiveCfg = Release|Win32
		{B3C75B3A-BB0A-4B23-87F9-FB9CD98FF8CE}.Release.Build.0 = Release|Win32
		{74A66132-475A-4DA1-8EF7-9CB0EF71E3D8}.Debug.ActiveCfg = Debug|Win32
		{74A66132-475A-4DA1-8EF7-9CB0EF71E3D8}.Debug.Build.0 = Debug|Win32
		{74A66132-475A-4DA1-8EF7-9CB0EF71E3D8}.Release.ActiveCfg = Release|Win32
		{74A66132-475A-4DA1-8EF7-9CB0EF71E3D8}.Release.Build.0 = Release|Win32
		{5F7B038E-5148-4EF4-AB43-5035F666D00D}.Debug.ActiveCfg = Debug|Win32
		{5F7B038E-5148-4EF4-AB43-5035F666D00D}.Debug.Build.0 = Debug|Win32
		{5F7B038E-5148-4EF4-AB43-5035F666D00D}.Release.ActiveCfg = Release|Win32
		{5F7B038E-5148-4EF4-AB43-5035F666D00D}.Release.Build.0 = Release|Win32
		{B3C75B3A-BB0A-4B23-87F9-FB9CD98FF8CE}.Debug.ActiveCfg = Debug|Win32
		{B3C75B3A-BB0A-4B23-87F9-FB9CD98FF8CE}.Debug.Build.0 = Debug|Win32
		{B3C75B3A-BB0A-4B23-87F9-FB9CD98FF8CE}.Release.ActiveCfg = Release|Win32
		{B3C75B3A-BB0A-4B23-87F9-FB9CD98FF8CE}.Release.Build.0 = Release|Win32
		{B3C75B3A-BB0A-4B23-87F9-FB9CD98FF8CE}.Debug.ActiveCfg = Debug|Win32
		{B3C75B3A-BB0A-4B23-87F9-FB9CD98FF8CE}.Debug.Build.0 = Debug|Win32
		{B3C75B3A-BB0A-4B23-87F9-FB9CD98FF8CE}.Release.ActiveCfg = Release|Win32
		{B3C75B3A-BB0A-4B23-87F9-FB9CD98FF8CE}.Release.Build.0 = Release|Win32
	EndGlobalSection
	GlobalSection(ExtensibilityGlobals) = postSolution
	EndGlobalSection
	GlobalSection(ExtensibilityAddIns) = postSolution
	EndGlobalSection
EndGlobal
