Microsoft Visual Studio Solution File, Format Version 7.00
Project("{8BC9CEB8-8B4A-11D0-8D11-00A0C91BC942}") = "ArabicaLib", "SAX\SAX.vcproj", "{884490E3-E4B3-43BE-A88B-7FA9EA4E16AB}"
EndProject
Project("{8BC9CEB8-8B4A-11D0-8D11-00A0C91BC942}") = "example_SAXSimpleHandler", "examples\SAX\SimpleHandler.vcproj", "{16475ED0-2906-429B-9E73-F2BF2929F6E9}"
EndProject
Project("{8BC9CEB8-8B4A-11D0-8D11-00A0C91BC942}") = "example_SAXWriter", "EXAMPLES\SAX\Writer.vcproj", "{3C6CBC24-07D4-4DE8-A1DF-592C3BC77C56}"
EndProject
Project("{8BC9CEB8-8B4A-11D0-8D11-00A0C91BC942}") = "example_SAXPyx", "examples\SAX\pyx.vcproj", "{AE33D6D1-0F57-4E97-90AE-696854C5AE71}"
EndProject
Project("{8BC9CEB8-8B4A-11D0-8D11-00A0C91BC942}") = "example_DOMWriter", "examples\SAX2DOM\DOMWriter.vcproj", "{C1CF7801-1681-4F15-8D71-BBC814805AF2}"
EndProject
Project("{8BC9CEB8-8B4A-11D0-8D11-00A0C91BC942}") = "example_UtilsTranscode", "examples\Utils\transcode.vcproj", "{436B423B-BF20-4B2E-A187-604AF391FBE2}"
EndProject
Global
	GlobalSection(SolutionConfiguration) = preSolution
		ConfigName.0 = Debug
		ConfigName.1 = Release
	EndGlobalSection
	GlobalSection(ProjectDependencies) = postSolution
		{16475ED0-2906-429B-9E73-F2BF2929F6E9}.0 = {884490E3-E4B3-43BE-A88B-7FA9EA4E16AB}
		{3C6CBC24-07D4-4DE8-A1DF-592C3BC77C56}.0 = {884490E3-E4B3-43BE-A88B-7FA9EA4E16AB}
		{AE33D6D1-0F57-4E97-90AE-696854C5AE71}.0 = {884490E3-E4B3-43BE-A88B-7FA9EA4E16AB}
		{C1CF7801-1681-4F15-8D71-BBC814805AF2}.0 = {884490E3-E4B3-43BE-A88B-7FA9EA4E16AB}
		{436B423B-BF20-4B2E-A187-604AF391FBE2}.0 = {884490E3-E4B3-43BE-A88B-7FA9EA4E16AB}
	EndGlobalSection
	GlobalSection(ProjectConfiguration) = postSolution
		{884490E3-E4B3-43BE-A88B-7FA9EA4E16AB}.Debug.ActiveCfg = Debug|Win32
		{884490E3-E4B3-43BE-A88B-7FA9EA4E16AB}.Debug.Build.0 = Debug|Win32
		{884490E3-E4B3-43BE-A88B-7FA9EA4E16AB}.Release.ActiveCfg = Release|Win32
		{884490E3-E4B3-43BE-A88B-7FA9EA4E16AB}.Release.Build.0 = Release|Win32
		{16475ED0-2906-429B-9E73-F2BF2929F6E9}.Debug.ActiveCfg = Debug|Win32
		{16475ED0-2906-429B-9E73-F2BF2929F6E9}.Debug.Build.0 = Debug|Win32
		{16475ED0-2906-429B-9E73-F2BF2929F6E9}.Release.ActiveCfg = Release|Win32
		{16475ED0-2906-429B-9E73-F2BF2929F6E9}.Release.Build.0 = Release|Win32
		{3C6CBC24-07D4-4DE8-A1DF-592C3BC77C56}.Debug.ActiveCfg = Debug|Win32
		{3C6CBC24-07D4-4DE8-A1DF-592C3BC77C56}.Debug.Build.0 = Debug|Win32
		{3C6CBC24-07D4-4DE8-A1DF-592C3BC77C56}.Release.ActiveCfg = Debug|Win32
		{3C6CBC24-07D4-4DE8-A1DF-592C3BC77C56}.Release.Build.0 = Debug|Win32
		{AE33D6D1-0F57-4E97-90AE-696854C5AE71}.Debug.ActiveCfg = Debug|Win32
		{AE33D6D1-0F57-4E97-90AE-696854C5AE71}.Debug.Build.0 = Debug|Win32
		{AE33D6D1-0F57-4E97-90AE-696854C5AE71}.Release.ActiveCfg = Release|Win32
		{AE33D6D1-0F57-4E97-90AE-696854C5AE71}.Release.Build.0 = Release|Win32
		{C1CF7801-1681-4F15-8D71-BBC814805AF2}.Debug.ActiveCfg = Debug|Win32
		{C1CF7801-1681-4F15-8D71-BBC814805AF2}.Debug.Build.0 = Debug|Win32
		{C1CF7801-1681-4F15-8D71-BBC814805AF2}.Release.ActiveCfg = Release|Win32
		{C1CF7801-1681-4F15-8D71-BBC814805AF2}.Release.Build.0 = Release|Win32
		{436B423B-BF20-4B2E-A187-604AF391FBE2}.Debug.ActiveCfg = Debug|Win32
		{436B423B-BF20-4B2E-A187-604AF391FBE2}.Debug.Build.0 = Debug|Win32
		{436B423B-BF20-4B2E-A187-604AF391FBE2}.Release.ActiveCfg = Release|Win32
		{436B423B-BF20-4B2E-A187-604AF391FBE2}.Release.Build.0 = Release|Win32
	EndGlobalSection
	GlobalSection(ExtensibilityGlobals) = postSolution
	EndGlobalSection
	GlobalSection(ExtensibilityAddIns) = postSolution
	EndGlobalSection
EndGlobal
