Microsoft Visual Studio Solution File, Format Version 8.00
Project("{8BC9CEB8-8B4A-11D0-8D11-00A0C91BC942}") = "ArabicaLib", "vs7\lib_arabica.vcproj", "{4CA72415-D03A-4447-BE4E-C093A5146CAC}"
	ProjectSection(ProjectDependencies) = postProject
	EndProjectSection
EndProject
Project("{8BC9CEB8-8B4A-11D0-8D11-00A0C91BC942}") = "test_DOM", "vs7\test_DOM.vcproj", "{74A66132-475A-4DA1-8EF7-9CB0EF71E3D8}"
	ProjectSection(ProjectDependencies) = postProject
		{4CA72415-D03A-4447-BE4E-C093A5146CAC} = {4CA72415-D03A-4447-BE4E-C093A5146CAC}
	EndProjectSection
EndProject
Project("{8BC9CEB8-8B4A-11D0-8D11-00A0C91BC942}") = "test_DOM_silly", "vs7\test_DOM_silly.vcproj", "{74A66132-475A-4DA1-8EF7-9CB0EF71E3D8}"
	ProjectSection(ProjectDependencies) = postProject
		{4CA72415-D03A-4447-BE4E-C093A5146CAC} = {4CA72415-D03A-4447-BE4E-C093A5146CAC}
	EndProjectSection
EndProject
Project("{8BC9CEB8-8B4A-11D0-8D11-00A0C91BC942}") = "test_DOM_wide", "vs7\test_DOM_wide.vcproj", "{DE6FD811-12BD-4914-BA29-CD987C4B0D48}"
	ProjectSection(ProjectDependencies) = postProject
		{4CA72415-D03A-4447-BE4E-C093A5146CAC} = {4CA72415-D03A-4447-BE4E-C093A5146CAC}
	EndProjectSection
EndProject
Global
	GlobalSection(SolutionConfiguration) = preSolution
		Debug = Debug
		Release = Release
	EndGlobalSection
	GlobalSection(ProjectConfiguration) = postSolution
		{4CA72415-D03A-4447-BE4E-C093A5146CAC}.Debug.ActiveCfg = Debug|Win32
		{4CA72415-D03A-4447-BE4E-C093A5146CAC}.Debug.Build.0 = Debug|Win32
		{4CA72415-D03A-4447-BE4E-C093A5146CAC}.Release.ActiveCfg = Release|Win32
		{4CA72415-D03A-4447-BE4E-C093A5146CAC}.Release.Build.0 = Release|Win32
		{74A66132-475A-4DA1-8EF7-9CB0EF71E3D8}.Debug.ActiveCfg = Debug|Win32
		{74A66132-475A-4DA1-8EF7-9CB0EF71E3D8}.Debug.Build.0 = Debug|Win32
		{74A66132-475A-4DA1-8EF7-9CB0EF71E3D8}.Release.ActiveCfg = Release|Win32
		{74A66132-475A-4DA1-8EF7-9CB0EF71E3D8}.Release.Build.0 = Release|Win32
		{74A66132-475A-4DA1-8EF7-9CB0EF71E3D8}.Debug.ActiveCfg = Debug|Win32
		{74A66132-475A-4DA1-8EF7-9CB0EF71E3D8}.Debug.Build.0 = Debug|Win32
		{74A66132-475A-4DA1-8EF7-9CB0EF71E3D8}.Release.ActiveCfg = Release|Win32
		{74A66132-475A-4DA1-8EF7-9CB0EF71E3D8}.Release.Build.0 = Release|Win32
		{DE6FD811-12BD-4914-BA29-CD987C4B0D48}.Debug.ActiveCfg = Debug|Win32
		{DE6FD811-12BD-4914-BA29-CD987C4B0D48}.Debug.Build.0 = Debug|Win32
		{DE6FD811-12BD-4914-BA29-CD987C4B0D48}.Release.ActiveCfg = Release|Win32
		{DE6FD811-12BD-4914-BA29-CD987C4B0D48}.Release.Build.0 = Release|Win32
	EndGlobalSection
	GlobalSection(ExtensibilityGlobals) = postSolution
	EndGlobalSection
	GlobalSection(ExtensibilityAddIns) = postSolution
	EndGlobalSection
EndGlobal
