Microsoft Visual Studio Solution File, Format Version 8.00
Project("{8BC9CEB8-8B4A-11D0-8D11-00A0C91BC942}") = "ArabicaLib", "lib_arabica.vcproj", "{4CA72415-D03A-4447-BE4E-C093A5146CAC}"
	ProjectSection(ProjectDependencies) = postProject
	EndProjectSection
EndProject
Project("{8BC9CEB8-8B4A-11D0-8D11-00A0C91BC942}") = "test_DOM", "test_DOM.vcproj", "{74A66132-475A-4DA1-8EF7-9CB0EF71E3D8}"
	ProjectSection(ProjectDependencies) = postProject
		{4CA72415-D03A-4447-BE4E-C093A5146CAC} = {4CA72415-D03A-4447-BE4E-C093A5146CAC}
		{FA1A13A0-07D3-4FC9-A2D2-9F5FA8C3C3A4} = {FA1A13A0-07D3-4FC9-A2D2-9F5FA8C3C3A4}
	EndProjectSection
EndProject
Project("{8BC9CEB8-8B4A-11D0-8D11-00A0C91BC942}") = "test_DOM_silly", "test_DOM_silly.vcproj", "{74A66132-475A-4DA1-8EF7-9CB0EF71E3D8}"
	ProjectSection(ProjectDependencies) = postProject
		{4CA72415-D03A-4447-BE4E-C093A5146CAC} = {4CA72415-D03A-4447-BE4E-C093A5146CAC}
		{74A66132-475A-4DA1-8EF7-9CB0EF71E3D8} = {74A66132-475A-4DA1-8EF7-9CB0EF71E3D8}
		{FA1A13A0-07D3-4FC9-A2D2-9F5FA8C3C3A4} = {FA1A13A0-07D3-4FC9-A2D2-9F5FA8C3C3A4}
	EndProjectSection
EndProject
Project("{8BC9CEB8-8B4A-11D0-8D11-00A0C91BC942}") = "test_DOM_wide", "test_DOM_wide.vcproj", "{DE6FD811-12BD-4914-BA29-CD987C4B0D48}"
	ProjectSection(ProjectDependencies) = postProject
		{4CA72415-D03A-4447-BE4E-C093A5146CAC} = {4CA72415-D03A-4447-BE4E-C093A5146CAC}
		{74A66132-475A-4DA1-8EF7-9CB0EF71E3D8} = {74A66132-475A-4DA1-8EF7-9CB0EF71E3D8}
		{74A66132-475A-4DA1-8EF7-9CB0EF71E3D8} = {74A66132-475A-4DA1-8EF7-9CB0EF71E3D8}
		{74A66132-475A-4DA1-8EF7-9CB0EF71E3D8} = {74A66132-475A-4DA1-8EF7-9CB0EF71E3D8}
		{FA1A13A0-07D3-4FC9-A2D2-9F5FA8C3C3A4} = {FA1A13A0-07D3-4FC9-A2D2-9F5FA8C3C3A4}
	EndProjectSection
EndProject
Project("{8BC9CEB8-8B4A-11D0-8D11-00A0C91BC942}") = "test_xpath", "test_xpath.vcproj", "{B3C75B3A-BB0A-4B23-87F9-FB9CD98FF8CE}"
	ProjectSection(ProjectDependencies) = postProject
		{DE6FD811-12BD-4914-BA29-CD987C4B0D48} = {DE6FD811-12BD-4914-BA29-CD987C4B0D48}
		{4CA72415-D03A-4447-BE4E-C093A5146CAC} = {4CA72415-D03A-4447-BE4E-C093A5146CAC}
		{74A66132-475A-4DA1-8EF7-9CB0EF71E3D8} = {74A66132-475A-4DA1-8EF7-9CB0EF71E3D8}
		{74A66132-475A-4DA1-8EF7-9CB0EF71E3D8} = {74A66132-475A-4DA1-8EF7-9CB0EF71E3D8}
		{74A66132-475A-4DA1-8EF7-9CB0EF71E3D8} = {74A66132-475A-4DA1-8EF7-9CB0EF71E3D8}
		{FA1A13A0-07D3-4FC9-A2D2-9F5FA8C3C3A4} = {FA1A13A0-07D3-4FC9-A2D2-9F5FA8C3C3A4}
	EndProjectSection
EndProject
Project("{8BC9CEB8-8B4A-11D0-8D11-00A0C91BC942}") = "test_xpath_silly", "test_xpath_silly.vcproj", "{B3C75B3A-BB0A-4B23-87F9-FB9CD98FF8CE}"
	ProjectSection(ProjectDependencies) = postProject
		{DE6FD811-12BD-4914-BA29-CD987C4B0D48} = {DE6FD811-12BD-4914-BA29-CD987C4B0D48}
		{4CA72415-D03A-4447-BE4E-C093A5146CAC} = {4CA72415-D03A-4447-BE4E-C093A5146CAC}
		{74A66132-475A-4DA1-8EF7-9CB0EF71E3D8} = {74A66132-475A-4DA1-8EF7-9CB0EF71E3D8}
		{74A66132-475A-4DA1-8EF7-9CB0EF71E3D8} = {74A66132-475A-4DA1-8EF7-9CB0EF71E3D8}
		{74A66132-475A-4DA1-8EF7-9CB0EF71E3D8} = {74A66132-475A-4DA1-8EF7-9CB0EF71E3D8}
		{74A66132-475A-4DA1-8EF7-9CB0EF71E3D8} = {74A66132-475A-4DA1-8EF7-9CB0EF71E3D8}
		{B3C75B3A-BB0A-4B23-87F9-FB9CD98FF8CE} = {B3C75B3A-BB0A-4B23-87F9-FB9CD98FF8CE}
		{FA1A13A0-07D3-4FC9-A2D2-9F5FA8C3C3A4} = {FA1A13A0-07D3-4FC9-A2D2-9F5FA8C3C3A4}
	EndProjectSection
EndProject
Project("{8BC9CEB8-8B4A-11D0-8D11-00A0C91BC942}") = "test_xpath_wide", "test_xpath_wide.vcproj", "{B3C75B3A-BB0A-4B23-87F9-FB9CD98FF8CE}"
	ProjectSection(ProjectDependencies) = postProject
		{DE6FD811-12BD-4914-BA29-CD987C4B0D48} = {DE6FD811-12BD-4914-BA29-CD987C4B0D48}
		{4CA72415-D03A-4447-BE4E-C093A5146CAC} = {4CA72415-D03A-4447-BE4E-C093A5146CAC}
		{74A66132-475A-4DA1-8EF7-9CB0EF71E3D8} = {74A66132-475A-4DA1-8EF7-9CB0EF71E3D8}
		{74A66132-475A-4DA1-8EF7-9CB0EF71E3D8} = {74A66132-475A-4DA1-8EF7-9CB0EF71E3D8}
		{74A66132-475A-4DA1-8EF7-9CB0EF71E3D8} = {74A66132-475A-4DA1-8EF7-9CB0EF71E3D8}
		{B3C75B3A-BB0A-4B23-87F9-FB9CD98FF8CE} = {B3C75B3A-BB0A-4B23-87F9-FB9CD98FF8CE}
		{B3C75B3A-BB0A-4B23-87F9-FB9CD98FF8CE} = {B3C75B3A-BB0A-4B23-87F9-FB9CD98FF8CE}
		{FA1A13A0-07D3-4FC9-A2D2-9F5FA8C3C3A4} = {FA1A13A0-07D3-4FC9-A2D2-9F5FA8C3C3A4}
	EndProjectSection
EndProject
Project("{8BC9CEB8-8B4A-11D0-8D11-00A0C91BC942}") = "example_SAX_Pyx", "example_SAX_pyx.vcproj", "{5214A867-2768-4CD0-9E29-6EED20718556}"
	ProjectSection(ProjectDependencies) = postProject
		{4CA72415-D03A-4447-BE4E-C093A5146CAC} = {4CA72415-D03A-4447-BE4E-C093A5146CAC}
	EndProjectSection
EndProject
Project("{8BC9CEB8-8B4A-11D0-8D11-00A0C91BC942}") = "example_SAX_SimpleHandler", "example_SAX_simplehander.vcproj", "{4D861155-0183-4637-8F01-4F8FDB43C344}"
	ProjectSection(ProjectDependencies) = postProject
		{4CA72415-D03A-4447-BE4E-C093A5146CAC} = {4CA72415-D03A-4447-BE4E-C093A5146CAC}
	EndProjectSection
EndProject
Project("{8BC9CEB8-8B4A-11D0-8D11-00A0C91BC942}") = "example_SAX_Writer", "example_SAX_writer.vcproj", "{C57BA030-A81F-4EA2-9CB6-D1BE2404B787}"
	ProjectSection(ProjectDependencies) = postProject
		{4CA72415-D03A-4447-BE4E-C093A5146CAC} = {4CA72415-D03A-4447-BE4E-C093A5146CAC}
	EndProjectSection
EndProject
Project("{8BC9CEB8-8B4A-11D0-8D11-00A0C91BC942}") = "example_SAX_XMLBase", "example_SAX_xmlbase.vcproj", "{1E3CEC10-26EB-40C0-AC9A-72020BD5A40A}"
	ProjectSection(ProjectDependencies) = postProject
		{4CA72415-D03A-4447-BE4E-C093A5146CAC} = {4CA72415-D03A-4447-BE4E-C093A5146CAC}
	EndProjectSection
EndProject
Project("{8BC9CEB8-8B4A-11D0-8D11-00A0C91BC942}") = "example_DOM_Writer", "example_DOM_writer.vcproj", "{C1CF7801-1681-4F15-8D71-BBC814805AF2}"
	ProjectSection(ProjectDependencies) = postProject
		{DE6FD811-12BD-4914-BA29-CD987C4B0D48} = {DE6FD811-12BD-4914-BA29-CD987C4B0D48}
		{4CA72415-D03A-4447-BE4E-C093A5146CAC} = {4CA72415-D03A-4447-BE4E-C093A5146CAC}
		{74A66132-475A-4DA1-8EF7-9CB0EF71E3D8} = {74A66132-475A-4DA1-8EF7-9CB0EF71E3D8}
		{74A66132-475A-4DA1-8EF7-9CB0EF71E3D8} = {74A66132-475A-4DA1-8EF7-9CB0EF71E3D8}
		{74A66132-475A-4DA1-8EF7-9CB0EF71E3D8} = {74A66132-475A-4DA1-8EF7-9CB0EF71E3D8}
	EndProjectSection
EndProject
Project("{8BC9CEB8-8B4A-11D0-8D11-00A0C91BC942}") = "example_Utils_Transcode", "example_Utils_transcode.vcproj", "{436B423B-BF20-4B2E-A187-604AF391FBE2}"
	ProjectSection(ProjectDependencies) = postProject
		{4CA72415-D03A-4447-BE4E-C093A5146CAC} = {4CA72415-D03A-4447-BE4E-C093A5146CAC}
		{FA1A13A0-07D3-4FC9-A2D2-9F5FA8C3C3A4} = {FA1A13A0-07D3-4FC9-A2D2-9F5FA8C3C3A4}
	EndProjectSection
EndProject
Project("{8BC9CEB8-8B4A-11D0-8D11-00A0C91BC942}") = "example_XPath_xgrep", "example_XPath_xgrep.vcproj", "{5F7B038E-5148-4EF4-AB43-5035F666D00D}"
	ProjectSection(ProjectDependencies) = postProject
		{DE6FD811-12BD-4914-BA29-CD987C4B0D48} = {DE6FD811-12BD-4914-BA29-CD987C4B0D48}
		{4CA72415-D03A-4447-BE4E-C093A5146CAC} = {4CA72415-D03A-4447-BE4E-C093A5146CAC}
		{74A66132-475A-4DA1-8EF7-9CB0EF71E3D8} = {74A66132-475A-4DA1-8EF7-9CB0EF71E3D8}
		{74A66132-475A-4DA1-8EF7-9CB0EF71E3D8} = {74A66132-475A-4DA1-8EF7-9CB0EF71E3D8}
		{74A66132-475A-4DA1-8EF7-9CB0EF71E3D8} = {74A66132-475A-4DA1-8EF7-9CB0EF71E3D8}
		{B3C75B3A-BB0A-4B23-87F9-FB9CD98FF8CE} = {B3C75B3A-BB0A-4B23-87F9-FB9CD98FF8CE}
		{B3C75B3A-BB0A-4B23-87F9-FB9CD98FF8CE} = {B3C75B3A-BB0A-4B23-87F9-FB9CD98FF8CE}
		{B3C75B3A-BB0A-4B23-87F9-FB9CD98FF8CE} = {B3C75B3A-BB0A-4B23-87F9-FB9CD98FF8CE}
		{B3C75B3A-BB0A-4B23-87F9-FB9CD98FF8CE} = {B3C75B3A-BB0A-4B23-87F9-FB9CD98FF8CE}
		{B3C75B3A-BB0A-4B23-87F9-FB9CD98FF8CE} = {B3C75B3A-BB0A-4B23-87F9-FB9CD98FF8CE}
		{FA1A13A0-07D3-4FC9-A2D2-9F5FA8C3C3A4} = {FA1A13A0-07D3-4FC9-A2D2-9F5FA8C3C3A4}
	EndProjectSection
EndProject
Project("{8BC9CEB8-8B4A-11D0-8D11-00A0C91BC942}") = "test_utils", "test_utils.vcproj", "{FA1A13A0-07D3-4FC9-A2D2-9F5FA8C3C3A4}"
	ProjectSection(ProjectDependencies) = postProject
		{4CA72415-D03A-4447-BE4E-C093A5146CAC} = {4CA72415-D03A-4447-BE4E-C093A5146CAC}
	EndProjectSection
EndProject
Project("{8BC9CEB8-8B4A-11D0-8D11-00A0C91BC942}") = "test_xslt", "test_xslt.vcproj", "{44BA3424-C58E-4A49-ADDD-6180C61E5E34}"
	ProjectSection(ProjectDependencies) = postProject
		{DE6FD811-12BD-4914-BA29-CD987C4B0D48} = {DE6FD811-12BD-4914-BA29-CD987C4B0D48}
		{4CA72415-D03A-4447-BE4E-C093A5146CAC} = {4CA72415-D03A-4447-BE4E-C093A5146CAC}
		{74A66132-475A-4DA1-8EF7-9CB0EF71E3D8} = {74A66132-475A-4DA1-8EF7-9CB0EF71E3D8}
		{74A66132-475A-4DA1-8EF7-9CB0EF71E3D8} = {74A66132-475A-4DA1-8EF7-9CB0EF71E3D8}
		{74A66132-475A-4DA1-8EF7-9CB0EF71E3D8} = {74A66132-475A-4DA1-8EF7-9CB0EF71E3D8}
		{B3C75B3A-BB0A-4B23-87F9-FB9CD98FF8CE} = {B3C75B3A-BB0A-4B23-87F9-FB9CD98FF8CE}
		{B3C75B3A-BB0A-4B23-87F9-FB9CD98FF8CE} = {B3C75B3A-BB0A-4B23-87F9-FB9CD98FF8CE}
		{B3C75B3A-BB0A-4B23-87F9-FB9CD98FF8CE} = {B3C75B3A-BB0A-4B23-87F9-FB9CD98FF8CE}
		{B3C75B3A-BB0A-4B23-87F9-FB9CD98FF8CE} = {B3C75B3A-BB0A-4B23-87F9-FB9CD98FF8CE}
		{B3C75B3A-BB0A-4B23-87F9-FB9CD98FF8CE} = {B3C75B3A-BB0A-4B23-87F9-FB9CD98FF8CE}
		{FA1A13A0-07D3-4FC9-A2D2-9F5FA8C3C3A4} = {FA1A13A0-07D3-4FC9-A2D2-9F5FA8C3C3A4}
	EndProjectSection
EndProject
Project("{8BC9CEB8-8B4A-11D0-8D11-00A0C91BC942}") = "example_XSLT_Mangle", "example_XSLT_Mangle.vcproj", "{FDF423F0-ACF8-4963-81A4-C886B9174B72}"
	ProjectSection(ProjectDependencies) = postProject
		{DE6FD811-12BD-4914-BA29-CD987C4B0D48} = {DE6FD811-12BD-4914-BA29-CD987C4B0D48}
		{4CA72415-D03A-4447-BE4E-C093A5146CAC} = {4CA72415-D03A-4447-BE4E-C093A5146CAC}
		{44BA3424-C58E-4A49-ADDD-6180C61E5E34} = {44BA3424-C58E-4A49-ADDD-6180C61E5E34}
		{74A66132-475A-4DA1-8EF7-9CB0EF71E3D8} = {74A66132-475A-4DA1-8EF7-9CB0EF71E3D8}
		{74A66132-475A-4DA1-8EF7-9CB0EF71E3D8} = {74A66132-475A-4DA1-8EF7-9CB0EF71E3D8}
		{74A66132-475A-4DA1-8EF7-9CB0EF71E3D8} = {74A66132-475A-4DA1-8EF7-9CB0EF71E3D8}
		{B3C75B3A-BB0A-4B23-87F9-FB9CD98FF8CE} = {B3C75B3A-BB0A-4B23-87F9-FB9CD98FF8CE}
		{B3C75B3A-BB0A-4B23-87F9-FB9CD98FF8CE} = {B3C75B3A-BB0A-4B23-87F9-FB9CD98FF8CE}
		{B3C75B3A-BB0A-4B23-87F9-FB9CD98FF8CE} = {B3C75B3A-BB0A-4B23-87F9-FB9CD98FF8CE}
		{B3C75B3A-BB0A-4B23-87F9-FB9CD98FF8CE} = {B3C75B3A-BB0A-4B23-87F9-FB9CD98FF8CE}
		{B3C75B3A-BB0A-4B23-87F9-FB9CD98FF8CE} = {B3C75B3A-BB0A-4B23-87F9-FB9CD98FF8CE}
		{FA1A13A0-07D3-4FC9-A2D2-9F5FA8C3C3A4} = {FA1A13A0-07D3-4FC9-A2D2-9F5FA8C3C3A4}
	EndProjectSection
EndProject
Project("{8BC9CEB8-8B4A-11D0-8D11-00A0C91BC942}") = "test_SAXFilter", "test_SAX_filter.vcproj", "{A21EA5E3-7353-4856-8C8F-8129FEBEA7E2}"
	ProjectSection(ProjectDependencies) = postProject
	EndProjectSection
EndProject
Project("{8BC9CEB8-8B4A-11D0-8D11-00A0C91BC942}") = "test_SAXFilter_silly", "test_SAX_filter_silly.vcproj", "{2E63A3DC-7A79-49F4-B0F9-78438DCA876A}"
	ProjectSection(ProjectDependencies) = postProject
	EndProjectSection
EndProject
Project("{8BC9CEB8-8B4A-11D0-8D11-00A0C91BC942}") = "test_SAXFilter_wide", "test_SAX_filter_wide.vcproj", "{FB5B88E9-DAB3-401C-B413-77403C562C49}"
	ProjectSection(ProjectDependencies) = postProject
	EndProjectSection
EndProject
Global
	GlobalSection(SolutionConfiguration) = preSolution
		Debug = Debug
		Release = Release
	EndGlobalSection
	GlobalSection(ProjectConfiguration) = postSolution
		{4CA72415-D03A-4447-BE4E-C093A5146CAC}.Debug.ActiveCfg = Debug|Win32
		{4CA72415-D03A-4447-BE4E-C093A5146CAC}.Debug.Build.0 = Debug|Win32
		{4CA72415-D03A-4447-BE4E-C093A5146CAC}.Release.ActiveCfg = Release|Win32
		{4CA72415-D03A-4447-BE4E-C093A5146CAC}.Release.Build.0 = Release|Win32
		{74A66132-475A-4DA1-8EF7-9CB0EF71E3D8}.Debug.ActiveCfg = Debug|Win32
		{74A66132-475A-4DA1-8EF7-9CB0EF71E3D8}.Debug.Build.0 = Debug|Win32
		{74A66132-475A-4DA1-8EF7-9CB0EF71E3D8}.Release.ActiveCfg = Release|Win32
		{74A66132-475A-4DA1-8EF7-9CB0EF71E3D8}.Release.Build.0 = Release|Win32
		{74A66132-475A-4DA1-8EF7-9CB0EF71E3D8}.Debug.ActiveCfg = Debug|Win32
		{74A66132-475A-4DA1-8EF7-9CB0EF71E3D8}.Debug.Build.0 = Debug|Win32
		{74A66132-475A-4DA1-8EF7-9CB0EF71E3D8}.Release.ActiveCfg = Release|Win32
		{74A66132-475A-4DA1-8EF7-9CB0EF71E3D8}.Release.Build.0 = Release|Win32
		{DE6FD811-12BD-4914-BA29-CD987C4B0D48}.Debug.ActiveCfg = Debug|Win32
		{DE6FD811-12BD-4914-BA29-CD987C4B0D48}.Debug.Build.0 = Debug|Win32
		{DE6FD811-12BD-4914-BA29-CD987C4B0D48}.Release.ActiveCfg = Release|Win32
		{DE6FD811-12BD-4914-BA29-CD987C4B0D48}.Release.Build.0 = Release|Win32
		{B3C75B3A-BB0A-4B23-87F9-FB9CD98FF8CE}.Debug.ActiveCfg = Debug|Win32
		{B3C75B3A-BB0A-4B23-87F9-FB9CD98FF8CE}.Debug.Build.0 = Debug|Win32
		{B3C75B3A-BB0A-4B23-87F9-FB9CD98FF8CE}.Release.ActiveCfg = Release|Win32
		{B3C75B3A-BB0A-4B23-87F9-FB9CD98FF8CE}.Release.Build.0 = Release|Win32
		{B3C75B3A-BB0A-4B23-87F9-FB9CD98FF8CE}.Debug.ActiveCfg = Debug|Win32
		{B3C75B3A-BB0A-4B23-87F9-FB9CD98FF8CE}.Debug.Build.0 = Debug|Win32
		{B3C75B3A-BB0A-4B23-87F9-FB9CD98FF8CE}.Release.ActiveCfg = Release|Win32
		{B3C75B3A-BB0A-4B23-87F9-FB9CD98FF8CE}.Release.Build.0 = Release|Win32
		{B3C75B3A-BB0A-4B23-87F9-FB9CD98FF8CE}.Debug.ActiveCfg = Debug|Win32
		{B3C75B3A-BB0A-4B23-87F9-FB9CD98FF8CE}.Debug.Build.0 = Debug|Win32
		{B3C75B3A-BB0A-4B23-87F9-FB9CD98FF8CE}.Release.ActiveCfg = Release|Win32
		{B3C75B3A-BB0A-4B23-87F9-FB9CD98FF8CE}.Release.Build.0 = Release|Win32
		{5214A867-2768-4CD0-9E29-6EED20718556}.Debug.ActiveCfg = Debug|Win32
		{5214A867-2768-4CD0-9E29-6EED20718556}.Debug.Build.0 = Debug|Win32
		{5214A867-2768-4CD0-9E29-6EED20718556}.Release.ActiveCfg = Release|Win32
		{5214A867-2768-4CD0-9E29-6EED20718556}.Release.Build.0 = Release|Win32
		{4D861155-0183-4637-8F01-4F8FDB43C344}.Debug.ActiveCfg = Debug|Win32
		{4D861155-0183-4637-8F01-4F8FDB43C344}.Debug.Build.0 = Debug|Win32
		{4D861155-0183-4637-8F01-4F8FDB43C344}.Release.ActiveCfg = Release|Win32
		{4D861155-0183-4637-8F01-4F8FDB43C344}.Release.Build.0 = Release|Win32
		{C57BA030-A81F-4EA2-9CB6-D1BE2404B787}.Debug.ActiveCfg = Debug|Win32
		{C57BA030-A81F-4EA2-9CB6-D1BE2404B787}.Debug.Build.0 = Debug|Win32
		{C57BA030-A81F-4EA2-9CB6-D1BE2404B787}.Release.ActiveCfg = Release|Win32
		{C57BA030-A81F-4EA2-9CB6-D1BE2404B787}.Release.Build.0 = Release|Win32
		{1E3CEC10-26EB-40C0-AC9A-72020BD5A40A}.Debug.ActiveCfg = Debug|Win32
		{1E3CEC10-26EB-40C0-AC9A-72020BD5A40A}.Debug.Build.0 = Debug|Win32
		{1E3CEC10-26EB-40C0-AC9A-72020BD5A40A}.Release.ActiveCfg = Release|Win32
		{1E3CEC10-26EB-40C0-AC9A-72020BD5A40A}.Release.Build.0 = Release|Win32
		{C1CF7801-1681-4F15-8D71-BBC814805AF2}.Debug.ActiveCfg = Debug|Win32
		{C1CF7801-1681-4F15-8D71-BBC814805AF2}.Debug.Build.0 = Debug|Win32
		{C1CF7801-1681-4F15-8D71-BBC814805AF2}.Release.ActiveCfg = Release|Win32
		{C1CF7801-1681-4F15-8D71-BBC814805AF2}.Release.Build.0 = Release|Win32
		{436B423B-BF20-4B2E-A187-604AF391FBE2}.Debug.ActiveCfg = Debug|Win32
		{436B423B-BF20-4B2E-A187-604AF391FBE2}.Debug.Build.0 = Debug|Win32
		{436B423B-BF20-4B2E-A187-604AF391FBE2}.Release.ActiveCfg = Release|Win32
		{436B423B-BF20-4B2E-A187-604AF391FBE2}.Release.Build.0 = Release|Win32
		{5F7B038E-5148-4EF4-AB43-5035F666D00D}.Debug.ActiveCfg = Debug|Win32
		{5F7B038E-5148-4EF4-AB43-5035F666D00D}.Debug.Build.0 = Debug|Win32
		{5F7B038E-5148-4EF4-AB43-5035F666D00D}.Release.ActiveCfg = Release|Win32
		{5F7B038E-5148-4EF4-AB43-5035F666D00D}.Release.Build.0 = Release|Win32
		{FA1A13A0-07D3-4FC9-A2D2-9F5FA8C3C3A4}.Debug.ActiveCfg = Debug|Win32
		{FA1A13A0-07D3-4FC9-A2D2-9F5FA8C3C3A4}.Debug.Build.0 = Debug|Win32
		{FA1A13A0-07D3-4FC9-A2D2-9F5FA8C3C3A4}.Release.ActiveCfg = Release|Win32
		{FA1A13A0-07D3-4FC9-A2D2-9F5FA8C3C3A4}.Release.Build.0 = Release|Win32
		{44BA3424-C58E-4A49-ADDD-6180C61E5E34}.Debug.ActiveCfg = Debug|Win32
		{44BA3424-C58E-4A49-ADDD-6180C61E5E34}.Debug.Build.0 = Debug|Win32
		{44BA3424-C58E-4A49-ADDD-6180C61E5E34}.Release.ActiveCfg = Release|Win32
		{44BA3424-C58E-4A49-ADDD-6180C61E5E34}.Release.Build.0 = Release|Win32
		{FDF423F0-ACF8-4963-81A4-C886B9174B72}.Debug.ActiveCfg = Debug|Win32
		{FDF423F0-ACF8-4963-81A4-C886B9174B72}.Debug.Build.0 = Debug|Win32
		{FDF423F0-ACF8-4963-81A4-C886B9174B72}.Release.ActiveCfg = Release|Win32
		{FDF423F0-ACF8-4963-81A4-C886B9174B72}.Release.Build.0 = Release|Win32
		{A21EA5E3-7353-4856-8C8F-8129FEBEA7E2}.Debug.ActiveCfg = Debug|Win32
		{A21EA5E3-7353-4856-8C8F-8129FEBEA7E2}.Debug.Build.0 = Debug|Win32
		{A21EA5E3-7353-4856-8C8F-8129FEBEA7E2}.Release.ActiveCfg = Release|Win32
		{A21EA5E3-7353-4856-8C8F-8129FEBEA7E2}.Release.Build.0 = Release|Win32
		{2E63A3DC-7A79-49F4-B0F9-78438DCA876A}.Debug.ActiveCfg = Debug|Win32
		{2E63A3DC-7A79-49F4-B0F9-78438DCA876A}.Debug.Build.0 = Debug|Win32
		{2E63A3DC-7A79-49F4-B0F9-78438DCA876A}.Release.ActiveCfg = Release|Win32
		{2E63A3DC-7A79-49F4-B0F9-78438DCA876A}.Release.Build.0 = Release|Win32
		{FB5B88E9-DAB3-401C-B413-77403C562C49}.Debug.ActiveCfg = Debug|Win32
		{FB5B88E9-DAB3-401C-B413-77403C562C49}.Debug.Build.0 = Debug|Win32
		{FB5B88E9-DAB3-401C-B413-77403C562C49}.Release.ActiveCfg = Release|Win32
		{FB5B88E9-DAB3-401C-B413-77403C562C49}.Release.Build.0 = Release|Win32
	EndGlobalSection
	GlobalSection(ExtensibilityGlobals) = postSolution
	EndGlobalSection
	GlobalSection(ExtensibilityAddIns) = postSolution
	EndGlobalSection
EndGlobal
