Microsoft Visual Studio Solution File, Format Version 10.00
# Visual Studio 2008
Project("{8BC9CEB8-8B4A-11D0-8D11-00A0C91BC942}") = "example_SAX_Pyx", "example_SAX_pyx.vcproj", "{5214A867-2768-4CD0-9E29-6EED20718556}"
	ProjectSection(ProjectDependencies) = postProject
		{4CA72415-D03A-4447-BE4E-C093A5146CAC} = {4CA72415-D03A-4447-BE4E-C093A5146CAC}
		{436B423B-BF20-4B2E-A187-604AF391FBE2} = {436B423B-BF20-4B2E-A187-604AF391FBE2}
	EndProjectSection
EndProject
Project("{8BC9CEB8-8B4A-11D0-8D11-00A0C91BC942}") = "example_SAX_SimpleHandler", "example_SAX_simplehander.vcproj", "{4D861155-0183-4637-8F01-4F8FDB43C344}"
	ProjectSection(ProjectDependencies) = postProject
		{4CA72415-D03A-4447-BE4E-C093A5146CAC} = {4CA72415-D03A-4447-BE4E-C093A5146CAC}
		{436B423B-BF20-4B2E-A187-604AF391FBE2} = {436B423B-BF20-4B2E-A187-604AF391FBE2}
	EndProjectSection
EndProject
Project("{8BC9CEB8-8B4A-11D0-8D11-00A0C91BC942}") = "example_SAX_Writer", "example_SAX_writer.vcproj", "{C57BA030-A81F-4EA2-9CB6-D1BE2404B787}"
	ProjectSection(ProjectDependencies) = postProject
		{4CA72415-D03A-4447-BE4E-C093A5146CAC} = {4CA72415-D03A-4447-BE4E-C093A5146CAC}
		{436B423B-BF20-4B2E-A187-604AF391FBE2} = {436B423B-BF20-4B2E-A187-604AF391FBE2}
	EndProjectSection
EndProject
Project("{8BC9CEB8-8B4A-11D0-8D11-00A0C91BC942}") = "example_SAX_XMLBase", "example_SAX_xmlbase.vcproj", "{1E3CEC10-26EB-40C0-AC9A-72020BD5A40A}"
	ProjectSection(ProjectDependencies) = postProject
		{4CA72415-D03A-4447-BE4E-C093A5146CAC} = {4CA72415-D03A-4447-BE4E-C093A5146CAC}
		{436B423B-BF20-4B2E-A187-604AF391FBE2} = {436B423B-BF20-4B2E-A187-604AF391FBE2}
	EndProjectSection
EndProject
Project("{8BC9CEB8-8B4A-11D0-8D11-00A0C91BC942}") = "example_DOM_Writer", "example_DOM_writer.vcproj", "{C1CF7801-1681-4F15-8D71-BBC814805AF2}"
	ProjectSection(ProjectDependencies) = postProject
		{1E3CEC10-26EB-40C0-AC9A-72020BD5A40A} = {1E3CEC10-26EB-40C0-AC9A-72020BD5A40A}
		{4CA72415-D03A-4447-BE4E-C093A5146CAC} = {4CA72415-D03A-4447-BE4E-C093A5146CAC}
		{C57BA030-A81F-4EA2-9CB6-D1BE2404B787} = {C57BA030-A81F-4EA2-9CB6-D1BE2404B787}
		{436B423B-BF20-4B2E-A187-604AF391FBE2} = {436B423B-BF20-4B2E-A187-604AF391FBE2}
		{4D861155-0183-4637-8F01-4F8FDB43C344} = {4D861155-0183-4637-8F01-4F8FDB43C344}
		{5214A867-2768-4CD0-9E29-6EED20718556} = {5214A867-2768-4CD0-9E29-6EED20718556}
	EndProjectSection
EndProject
Project("{8BC9CEB8-8B4A-11D0-8D11-00A0C91BC942}") = "example_Utils_Transcode", "example_Utils_transcode.vcproj", "{436B423B-BF20-4B2E-A187-604AF391FBE2}"
	ProjectSection(ProjectDependencies) = postProject
		{4CA72415-D03A-4447-BE4E-C093A5146CAC} = {4CA72415-D03A-4447-BE4E-C093A5146CAC}
	EndProjectSection
EndProject
Project("{8BC9CEB8-8B4A-11D0-8D11-00A0C91BC942}") = "ArabicaLib", "lib_arabica_noboost.vcproj", "{4CA72415-D03A-4447-BE4E-C093A5146CAC}"
EndProject
Project("{8BC9CEB8-8B4A-11D0-8D11-00A0C91BC942}") = "example_SAX_Taggle", "example_SAX_Taggle.vcproj", "{274EB942-0AA8-4715-8419-4722868A22BA}"
EndProject
Global
	GlobalSection(SolutionConfigurationPlatforms) = preSolution
		Debug|Win32 = Debug|Win32
		Release|Win32 = Release|Win32
	EndGlobalSection
	GlobalSection(ProjectConfigurationPlatforms) = postSolution
		{5214A867-2768-4CD0-9E29-6EED20718556}.Debug|Win32.ActiveCfg = Debug|Win32
		{5214A867-2768-4CD0-9E29-6EED20718556}.Debug|Win32.Build.0 = Debug|Win32
		{5214A867-2768-4CD0-9E29-6EED20718556}.Release|Win32.ActiveCfg = Release|Win32
		{5214A867-2768-4CD0-9E29-6EED20718556}.Release|Win32.Build.0 = Release|Win32
		{4D861155-0183-4637-8F01-4F8FDB43C344}.Debug|Win32.ActiveCfg = Debug|Win32
		{4D861155-0183-4637-8F01-4F8FDB43C344}.Debug|Win32.Build.0 = Debug|Win32
		{4D861155-0183-4637-8F01-4F8FDB43C344}.Release|Win32.ActiveCfg = Release|Win32
		{4D861155-0183-4637-8F01-4F8FDB43C344}.Release|Win32.Build.0 = Release|Win32
		{C57BA030-A81F-4EA2-9CB6-D1BE2404B787}.Debug|Win32.ActiveCfg = Debug|Win32
		{C57BA030-A81F-4EA2-9CB6-D1BE2404B787}.Debug|Win32.Build.0 = Debug|Win32
		{C57BA030-A81F-4EA2-9CB6-D1BE2404B787}.Release|Win32.ActiveCfg = Release|Win32
		{C57BA030-A81F-4EA2-9CB6-D1BE2404B787}.Release|Win32.Build.0 = Release|Win32
		{1E3CEC10-26EB-40C0-AC9A-72020BD5A40A}.Debug|Win32.ActiveCfg = Debug|Win32
		{1E3CEC10-26EB-40C0-AC9A-72020BD5A40A}.Debug|Win32.Build.0 = Debug|Win32
		{1E3CEC10-26EB-40C0-AC9A-72020BD5A40A}.Release|Win32.ActiveCfg = Release|Win32
		{1E3CEC10-26EB-40C0-AC9A-72020BD5A40A}.Release|Win32.Build.0 = Release|Win32
		{C1CF7801-1681-4F15-8D71-BBC814805AF2}.Debug|Win32.ActiveCfg = Debug|Win32
		{C1CF7801-1681-4F15-8D71-BBC814805AF2}.Debug|Win32.Build.0 = Debug|Win32
		{C1CF7801-1681-4F15-8D71-BBC814805AF2}.Release|Win32.ActiveCfg = Release|Win32
		{C1CF7801-1681-4F15-8D71-BBC814805AF2}.Release|Win32.Build.0 = Release|Win32
		{436B423B-BF20-4B2E-A187-604AF391FBE2}.Debug|Win32.ActiveCfg = Debug|Win32
		{436B423B-BF20-4B2E-A187-604AF391FBE2}.Debug|Win32.Build.0 = Debug|Win32
		{436B423B-BF20-4B2E-A187-604AF391FBE2}.Release|Win32.ActiveCfg = Release|Win32
		{436B423B-BF20-4B2E-A187-604AF391FBE2}.Release|Win32.Build.0 = Release|Win32
		{4CA72415-D03A-4447-BE4E-C093A5146CAC}.Debug|Win32.ActiveCfg = Debug|Win32
		{4CA72415-D03A-4447-BE4E-C093A5146CAC}.Debug|Win32.Build.0 = Debug|Win32
		{4CA72415-D03A-4447-BE4E-C093A5146CAC}.Release|Win32.ActiveCfg = Release|Win32
		{4CA72415-D03A-4447-BE4E-C093A5146CAC}.Release|Win32.Build.0 = Release|Win32
		{274EB942-0AA8-4715-8419-4722868A22BA}.Debug|Win32.ActiveCfg = Debug|Win32
		{274EB942-0AA8-4715-8419-4722868A22BA}.Debug|Win32.Build.0 = Debug|Win32
		{274EB942-0AA8-4715-8419-4722868A22BA}.Release|Win32.ActiveCfg = Release|Win32
		{274EB942-0AA8-4715-8419-4722868A22BA}.Release|Win32.Build.0 = Release|Win32
	EndGlobalSection
	GlobalSection(SolutionProperties) = preSolution
		HideSolutionNode = FALSE
	EndGlobalSection
EndGlobal
